
Microsoft Visual Studio Solution File, Format Version 12.00
# Visual Studio Version 17
VisualStudioVersion = 17.12.35707.178 d17.12
MinimumVisualStudioVersion = 10.0.40219.1
Project("{FAE04EC0-301F-11D3-BF4B-00C04F79EFBC}") = "DSplit", "DSplit.csproj", "{BABF6B76-66E8-41A4-A4B3-16969B63678D}"
EndProject
Global
	GlobalSection(SolutionConfigurationPlatforms) = preSolution
		Debug|Any CPU = Debug|Any CPU
		Release|Any CPU = Release|Any CPU
	EndGlobalSection
	GlobalSection(ProjectConfigurationPlatforms) = postSolution
		{BABF6B76-66E8-41A4-A4B3-16969B63678D}.Debug|Any CPU.ActiveCfg = Debug|Any CPU
		{BABF6B76-66E8-41A4-A4B3-16969B63678D}.Debug|Any CPU.Build.0 = Debug|Any CPU
		{BABF6B76-66E8-41A4-A4B3-16969B63678D}.Release|Any CPU.ActiveCfg = Release|Any CPU
		{BABF6B76-66E8-41A4-A4B3-16969B63678D}.Release|Any CPU.Build.0 = Release|Any CPU
	EndGlobalSection
	GlobalSection(SolutionProperties) = preSolution
		HideSolutionNode = FALSE
	EndGlobalSection
EndGlobal
